// !$*UTF8*$!
{
	archiveVersion = 1;
	classes = {
	};
	objectVersion = 51;
	objects = {

/* Begin PBXBuildFile section */
		670A5AA083A70F3B9349FEE2 /* Pods_practiceegTests.framework in Frameworks */ = {isa = PBXBuildFile; fileRef = B6E9DFF68865CCB565E0C9A7 /* Pods_practiceegTests.framework */; };
		921518CF251396CD000F921B /* Pods_practiceeg.framework in Frameworks */ = {isa = PBXBuildFile; fileRef = DF6FE4EACB23B2EAFBE45D4A /* Pods_practiceeg.framework */; };
		921518D0251396CD000F921B /* Pods_practiceeg.framework in Embed Frameworks */ = {isa = PBXBuildFile; fileRef = DF6FE4EACB23B2EAFBE45D4A /* Pods_practiceeg.framework */; settings = {ATTRIBUTES = (CodeSignOnCopy, RemoveHeadersOnCopy, ); }; };
		921518D3251397C1000F921B /* phoneViewController.swift in Sources */ = {isa = PBXBuildFile; fileRef = 921518D2251397C1000F921B /* phoneViewController.swift */; };
		92224D1224E3B86400CBFEEB /* AppDelegate.swift in Sources */ = {isa = PBXBuildFile; fileRef = 92224D1124E3B86400CBFEEB /* AppDelegate.swift */; };
		92224D1424E3B86400CBFEEB /* SceneDelegate.swift in Sources */ = {isa = PBXBuildFile; fileRef = 92224D1324E3B86400CBFEEB /* SceneDelegate.swift */; };
		92224D1624E3B86400CBFEEB /* ViewController.swift in Sources */ = {isa = PBXBuildFile; fileRef = 92224D1524E3B86400CBFEEB /* ViewController.swift */; };
		92224D1924E3B86400CBFEEB /* Main.storyboard in Resources */ = {isa = PBXBuildFile; fileRef = 92224D1724E3B86400CBFEEB /* Main.storyboard */; };
		92224D1B24E3B86500CBFEEB /* Assets.xcassets in Resources */ = {isa = PBXBuildFile; fileRef = 92224D1A24E3B86500CBFEEB /* Assets.xcassets */; };
		92224D2924E3B86500CBFEEB /* practiceegTests.swift in Sources */ = {isa = PBXBuildFile; fileRef = 92224D2824E3B86500CBFEEB /* practiceegTests.swift */; };
		92224D3424E3B86500CBFEEB /* practiceegUITests.swift in Sources */ = {isa = PBXBuildFile; fileRef = 92224D3324E3B86500CBFEEB /* practiceegUITests.swift */; };
		92249B46251236720031386A /* Level2.swift in Sources */ = {isa = PBXBuildFile; fileRef = 92249B45251236720031386A /* Level2.swift */; };
		92249B4825123B650031386A /* Level3.swift in Sources */ = {isa = PBXBuildFile; fileRef = 92249B4725123B650031386A /* Level3.swift */; };
		926D13BC25131E4B00A4B3F9 /* LaunchScreen.storyboard in Resources */ = {isa = PBXBuildFile; fileRef = 926D13BB25131E4B00A4B3F9 /* LaunchScreen.storyboard */; };
		92A0F1AF2512F3ED0076FBC7 /* PersonViewController.swift in Sources */ = {isa = PBXBuildFile; fileRef = 92A0F1AE2512F3ED0076FBC7 /* PersonViewController.swift */; };
		92BDCB6625123C4C009D1E46 /* Level4.swift in Sources */ = {isa = PBXBuildFile; fileRef = 92BDCB6525123C4C009D1E46 /* Level4.swift */; };
		92BDCB6825123D26009D1E46 /* Level5.swift in Sources */ = {isa = PBXBuildFile; fileRef = 92BDCB6725123D26009D1E46 /* Level5.swift */; };
		92BDCB6E251268B2009D1E46 /* LogViewController.swift in Sources */ = {isa = PBXBuildFile; fileRef = 92BDCB6D251268B2009D1E46 /* LogViewController.swift */; };
		92BDCB70251271C8009D1E46 /* ResetViewController.swift in Sources */ = {isa = PBXBuildFile; fileRef = 92BDCB6F251271C8009D1E46 /* ResetViewController.swift */; };
		92BDCB72251273EF009D1E46 /* RegisterViewController.swift in Sources */ = {isa = PBXBuildFile; fileRef = 92BDCB71251273EF009D1E46 /* RegisterViewController.swift */; };
		92CBD2452511C8DF00DD2C01 /* Level1.swift in Sources */ = {isa = PBXBuildFile; fileRef = 92CBD2442511C8DF00DD2C01 /* Level1.swift */; };
		92CBD2492511CACB00DD2C01 /* HomeCollectionViewCell.swift in Sources */ = {isa = PBXBuildFile; fileRef = 92CBD2482511CACB00DD2C01 /* HomeCollectionViewCell.swift */; };
		B90EB100D4F5FF41FE774C52 /* Pods_practiceeg_practiceegUITests.framework in Frameworks */ = {isa = PBXBuildFile; fileRef = C609D6104FABDD07C9B47AAB /* Pods_practiceeg_practiceegUITests.framework */; };
/* End PBXBuildFile section */

/* Begin PBXContainerItemProxy section */
		92224D2524E3B86500CBFEEB /* PBXContainerItemProxy */ = {
			isa = PBXContainerItemProxy;
			containerPortal = 92224D0624E3B86400CBFEEB /* Project object */;
			proxyType = 1;
			remoteGlobalIDString = 92224D0D24E3B86400CBFEEB;
			remoteInfo = practiceeg;
		};
		92224D3024E3B86500CBFEEB /* PBXContainerItemProxy */ = {
			isa = PBXContainerItemProxy;
			containerPortal = 92224D0624E3B86400CBFEEB /* Project object */;
			proxyType = 1;
			remoteGlobalIDString = 92224D0D24E3B86400CBFEEB;
			remoteInfo = practiceeg;
		};
/* End PBXContainerItemProxy section */

/* Begin PBXCopyFilesBuildPhase section */
		921518D1251396CD000F921B /* Embed Frameworks */ = {
			isa = PBXCopyFilesBuildPhase;
			buildActionMask = 2147483647;
			dstPath = "";
			dstSubfolderSpec = 10;
			files = (
				921518D0251396CD000F921B /* Pods_practiceeg.framework in Embed Frameworks */,
			);
			name = "Embed Frameworks";
			runOnlyForDeploymentPostprocessing = 0;
		};
/* End PBXCopyFilesBuildPhase section */

/* Begin PBXFileReference section */
		2BE85461FB298D0820FE4EDF /* Pods-practiceeg-practiceegUITests.debug.xcconfig */ = {isa = PBXFileReference; includeInIndex = 1; lastKnownFileType = text.xcconfig; name = "Pods-practiceeg-practiceegUITests.debug.xcconfig"; path = "Target Support Files/Pods-practiceeg-practiceegUITests/Pods-practiceeg-practiceegUITests.debug.xcconfig"; sourceTree = "<group>"; };
		3CC6FE93467AB2348C2F5431 /* Pods-practiceegTests.debug.xcconfig */ = {isa = PBXFileReference; includeInIndex = 1; lastKnownFileType = text.xcconfig; name = "Pods-practiceegTests.debug.xcconfig"; path = "Target Support Files/Pods-practiceegTests/Pods-practiceegTests.debug.xcconfig"; sourceTree = "<group>"; };
		3E44CDF5B4F99B0B91C26746 /* Pods-practiceeg.release.xcconfig */ = {isa = PBXFileReference; includeInIndex = 1; lastKnownFileType = text.xcconfig; name = "Pods-practiceeg.release.xcconfig"; path = "Target Support Files/Pods-practiceeg/Pods-practiceeg.release.xcconfig"; sourceTree = "<group>"; };
		5A8353C0E88C0173CC10C970 /* Pods-practiceegTests.release.xcconfig */ = {isa = PBXFileReference; includeInIndex = 1; lastKnownFileType = text.xcconfig; name = "Pods-practiceegTests.release.xcconfig"; path = "Target Support Files/Pods-practiceegTests/Pods-practiceegTests.release.xcconfig"; sourceTree = "<group>"; };
		7968977D24DFB408E072BB77 /* Pods-practiceeg.debug.xcconfig */ = {isa = PBXFileReference; includeInIndex = 1; lastKnownFileType = text.xcconfig; name = "Pods-practiceeg.debug.xcconfig"; path = "Target Support Files/Pods-practiceeg/Pods-practiceeg.debug.xcconfig"; sourceTree = "<group>"; };
		921518D2251397C1000F921B /* phoneViewController.swift */ = {isa = PBXFileReference; lastKnownFileType = sourcecode.swift; path = phoneViewController.swift; sourceTree = "<group>"; };
		92224D0E24E3B86400CBFEEB /* practiceeg.app */ = {isa = PBXFileReference; explicitFileType = wrapper.application; includeInIndex = 0; path = practiceeg.app; sourceTree = BUILT_PRODUCTS_DIR; };
		92224D1124E3B86400CBFEEB /* AppDelegate.swift */ = {isa = PBXFileReference; lastKnownFileType = sourcecode.swift; path = AppDelegate.swift; sourceTree = "<group>"; };
		92224D1324E3B86400CBFEEB /* SceneDelegate.swift */ = {isa = PBXFileReference; lastKnownFileType = sourcecode.swift; path = SceneDelegate.swift; sourceTree = "<group>"; };
		92224D1524E3B86400CBFEEB /* ViewController.swift */ = {isa = PBXFileReference; lastKnownFileType = sourcecode.swift; path = ViewController.swift; sourceTree = "<group>"; };
		92224D1824E3B86400CBFEEB /* Base */ = {isa = PBXFileReference; lastKnownFileType = file.storyboard; name = Base; path = Base.lproj/Main.storyboard; sourceTree = "<group>"; };
		92224D1A24E3B86500CBFEEB /* Assets.xcassets */ = {isa = PBXFileReference; lastKnownFileType = folder.assetcatalog; path = Assets.xcassets; sourceTree = "<group>"; };
		92224D1F24E3B86500CBFEEB /* Info.plist */ = {isa = PBXFileReference; lastKnownFileType = text.plist.xml; path = Info.plist; sourceTree = "<group>"; };
		92224D2424E3B86500CBFEEB /* practiceegTests.xctest */ = {isa = PBXFileReference; explicitFileType = wrapper.cfbundle; includeInIndex = 0; path = practiceegTests.xctest; sourceTree = BUILT_PRODUCTS_DIR; };
		92224D2824E3B86500CBFEEB /* practiceegTests.swift */ = {isa = PBXFileReference; lastKnownFileType = sourcecode.swift; path = practiceegTests.swift; sourceTree = "<group>"; };
		92224D2A24E3B86500CBFEEB /* Info.plist */ = {isa = PBXFileReference; lastKnownFileType = text.plist.xml; path = Info.plist; sourceTree = "<group>"; };
		92224D2F24E3B86500CBFEEB /* practiceegUITests.xctest */ = {isa = PBXFileReference; explicitFileType = wrapper.cfbundle; includeInIndex = 0; path = practiceegUITests.xctest; sourceTree = BUILT_PRODUCTS_DIR; };
		92224D3324E3B86500CBFEEB /* practiceegUITests.swift */ = {isa = PBXFileReference; lastKnownFileType = sourcecode.swift; path = practiceegUITests.swift; sourceTree = "<group>"; };
		92224D3524E3B86500CBFEEB /* Info.plist */ = {isa = PBXFileReference; lastKnownFileType = text.plist.xml; path = Info.plist; sourceTree = "<group>"; };
		92249B45251236720031386A /* Level2.swift */ = {isa = PBXFileReference; lastKnownFileType = sourcecode.swift; path = Level2.swift; sourceTree = "<group>"; };
		92249B4725123B650031386A /* Level3.swift */ = {isa = PBXFileReference; lastKnownFileType = sourcecode.swift; path = Level3.swift; sourceTree = "<group>"; };
		926D13BB25131E4B00A4B3F9 /* LaunchScreen.storyboard */ = {isa = PBXFileReference; lastKnownFileType = file.storyboard; path = LaunchScreen.storyboard; sourceTree = "<group>"; };
		92A0F1AE2512F3ED0076FBC7 /* PersonViewController.swift */ = {isa = PBXFileReference; lastKnownFileType = sourcecode.swift; path = PersonViewController.swift; sourceTree = "<group>"; };
		92BDCB6525123C4C009D1E46 /* Level4.swift */ = {isa = PBXFileReference; lastKnownFileType = sourcecode.swift; path = Level4.swift; sourceTree = "<group>"; };
		92BDCB6725123D26009D1E46 /* Level5.swift */ = {isa = PBXFileReference; lastKnownFileType = sourcecode.swift; path = Level5.swift; sourceTree = "<group>"; };
		92BDCB6D251268B2009D1E46 /* LogViewController.swift */ = {isa = PBXFileReference; lastKnownFileType = sourcecode.swift; path = LogViewController.swift; sourceTree = "<group>"; };
		92BDCB6F251271C8009D1E46 /* ResetViewController.swift */ = {isa = PBXFileReference; lastKnownFileType = sourcecode.swift; path = ResetViewController.swift; sourceTree = "<group>"; };
		92BDCB71251273EF009D1E46 /* RegisterViewController.swift */ = {isa = PBXFileReference; lastKnownFileType = sourcecode.swift; path = RegisterViewController.swift; sourceTree = "<group>"; };
		92CBD2442511C8DF00DD2C01 /* Level1.swift */ = {isa = PBXFileReference; lastKnownFileType = sourcecode.swift; path = Level1.swift; sourceTree = "<group>"; };
		92CBD2482511CACB00DD2C01 /* HomeCollectionViewCell.swift */ = {isa = PBXFileReference; lastKnownFileType = sourcecode.swift; path = HomeCollectionViewCell.swift; sourceTree = "<group>"; };
		AEE3E16E7067481E71FDCC27 /* Pods-practiceeg-practiceegUITests.release.xcconfig */ = {isa = PBXFileReference; includeInIndex = 1; lastKnownFileType = text.xcconfig; name = "Pods-practiceeg-practiceegUITests.release.xcconfig"; path = "Target Support Files/Pods-practiceeg-practiceegUITests/Pods-practiceeg-practiceegUITests.release.xcconfig"; sourceTree = "<group>"; };
		B6E9DFF68865CCB565E0C9A7 /* Pods_practiceegTests.framework */ = {isa = PBXFileReference; explicitFileType = wrapper.framework; includeInIndex = 0; path = Pods_practiceegTests.framework; sourceTree = BUILT_PRODUCTS_DIR; };
		C609D6104FABDD07C9B47AAB /* Pods_practiceeg_practiceegUITests.framework */ = {isa = PBXFileReference; explicitFileType = wrapper.framework; includeInIndex = 0; path = Pods_practiceeg_practiceegUITests.framework; sourceTree = BUILT_PRODUCTS_DIR; };
		DF6FE4EACB23B2EAFBE45D4A /* Pods_practiceeg.framework */ = {isa = PBXFileReference; explicitFileType = wrapper.framework; includeInIndex = 0; path = Pods_practiceeg.framework; sourceTree = BUILT_PRODUCTS_DIR; };
/* End PBXFileReference section */

/* Begin PBXFrameworksBuildPhase section */
		92224D0B24E3B86400CBFEEB /* Frameworks */ = {
			isa = PBXFrameworksBuildPhase;
			buildActionMask = 2147483647;
			files = (
				921518CF251396CD000F921B /* Pods_practiceeg.framework in Frameworks */,
			);
			runOnlyForDeploymentPostprocessing = 0;
		};
		92224D2124E3B86500CBFEEB /* Frameworks */ = {
			isa = PBXFrameworksBuildPhase;
			buildActionMask = 2147483647;
			files = (
				670A5AA083A70F3B9349FEE2 /* Pods_practiceegTests.framework in Frameworks */,
			);
			runOnlyForDeploymentPostprocessing = 0;
		};
		92224D2C24E3B86500CBFEEB /* Frameworks */ = {
			isa = PBXFrameworksBuildPhase;
			buildActionMask = 2147483647;
			files = (
				B90EB100D4F5FF41FE774C52 /* Pods_practiceeg_practiceegUITests.framework in Frameworks */,
			);
			runOnlyForDeploymentPostprocessing = 0;
		};
/* End PBXFrameworksBuildPhase section */

/* Begin PBXGroup section */
		92224D0524E3B86400CBFEEB = {
			isa = PBXGroup;
			children = (
				92224D1024E3B86400CBFEEB /* practiceeg */,
				92224D2724E3B86500CBFEEB /* practiceegTests */,
				92224D3224E3B86500CBFEEB /* practiceegUITests */,
				92224D0F24E3B86400CBFEEB /* Products */,
				A680A82808ABD87264B95F23 /* Pods */,
				C252449295D8D39CB89ED5D6 /* Frameworks */,
			);
			sourceTree = "<group>";
		};
		92224D0F24E3B86400CBFEEB /* Products */ = {
			isa = PBXGroup;
			children = (
				92224D0E24E3B86400CBFEEB /* practiceeg.app */,
				92224D2424E3B86500CBFEEB /* practiceegTests.xctest */,
				92224D2F24E3B86500CBFEEB /* practiceegUITests.xctest */,
			);
			name = Products;
			sourceTree = "<group>";
		};
		92224D1024E3B86400CBFEEB /* practiceeg */ = {
			isa = PBXGroup;
			children = (
				92224D1124E3B86400CBFEEB /* AppDelegate.swift */,
				92224D1324E3B86400CBFEEB /* SceneDelegate.swift */,
				92224D1724E3B86400CBFEEB /* Main.storyboard */,
				92BDCB6D251268B2009D1E46 /* LogViewController.swift */,
				92BDCB6F251271C8009D1E46 /* ResetViewController.swift */,
				92BDCB71251273EF009D1E46 /* RegisterViewController.swift */,
				92224D1524E3B86400CBFEEB /* ViewController.swift */,
				92CBD2482511CACB00DD2C01 /* HomeCollectionViewCell.swift */,
				92CBD2442511C8DF00DD2C01 /* Level1.swift */,
				92249B45251236720031386A /* Level2.swift */,
				92249B4725123B650031386A /* Level3.swift */,
				92BDCB6525123C4C009D1E46 /* Level4.swift */,
				92BDCB6725123D26009D1E46 /* Level5.swift */,
				92A0F1AE2512F3ED0076FBC7 /* PersonViewController.swift */,
				921518D2251397C1000F921B /* phoneViewController.swift */,
				92224D1A24E3B86500CBFEEB /* Assets.xcassets */,
				92224D1F24E3B86500CBFEEB /* Info.plist */,
				926D13BB25131E4B00A4B3F9 /* LaunchScreen.storyboard */,
			);
			path = practiceeg;
			sourceTree = "<group>";
		};
		92224D2724E3B86500CBFEEB /* practiceegTests */ = {
			isa = PBXGroup;
			children = (
				92224D2824E3B86500CBFEEB /* practiceegTests.swift */,
				92224D2A24E3B86500CBFEEB /* Info.plist */,
			);
			path = practiceegTests;
			sourceTree = "<group>";
		};
		92224D3224E3B86500CBFEEB /* practiceegUITests */ = {
			isa = PBXGroup;
			children = (
				92224D3324E3B86500CBFEEB /* practiceegUITests.swift */,
				92224D3524E3B86500CBFEEB /* Info.plist */,
			);
			path = practiceegUITests;
			sourceTree = "<group>";
		};
		A680A82808ABD87264B95F23 /* Pods */ = {
			isa = PBXGroup;
			children = (
				7968977D24DFB408E072BB77 /* Pods-practiceeg.debug.xcconfig */,
				3E44CDF5B4F99B0B91C26746 /* Pods-practiceeg.release.xcconfig */,
				2BE85461FB298D0820FE4EDF /* Pods-practiceeg-practiceegUITests.debug.xcconfig */,
				AEE3E16E7067481E71FDCC27 /* Pods-practiceeg-practiceegUITests.release.xcconfig */,
				3CC6FE93467AB2348C2F5431 /* Pods-practiceegTests.debug.xcconfig */,
				5A8353C0E88C0173CC10C970 /* Pods-practiceegTests.release.xcconfig */,
			);
			path = Pods;
			sourceTree = "<group>";
		};
		C252449295D8D39CB89ED5D6 /* Frameworks */ = {
			isa = PBXGroup;
			children = (
				DF6FE4EACB23B2EAFBE45D4A /* Pods_practiceeg.framework */,
				C609D6104FABDD07C9B47AAB /* Pods_practiceeg_practiceegUITests.framework */,
				B6E9DFF68865CCB565E0C9A7 /* Pods_practiceegTests.framework */,
			);
			name = Frameworks;
			sourceTree = "<group>";
		};
/* End PBXGroup section */

/* Begin PBXNativeTarget section */
		92224D0D24E3B86400CBFEEB /* practiceeg */ = {
			isa = PBXNativeTarget;
			buildConfigurationList = 92224D3824E3B86500CBFEEB /* Build configuration list for PBXNativeTarget "practiceeg" */;
			buildPhases = (
				68FBB53D4F97820FF9115E76 /* [CP] Check Pods Manifest.lock */,
				92224D0A24E3B86400CBFEEB /* Sources */,
				92224D0B24E3B86400CBFEEB /* Frameworks */,
				92224D0C24E3B86400CBFEEB /* Resources */,
				3CDA25E2E41A2A86DD11F7E2 /* [CP] Embed Pods Frameworks */,
				921518D1251396CD000F921B /* Embed Frameworks */,
			);
			buildRules = (
			);
			dependencies = (
			);
			name = practiceeg;
			productName = practiceeg;
			productReference = 92224D0E24E3B86400CBFEEB /* practiceeg.app */;
			productType = "com.apple.product-type.application";
		};
		92224D2324E3B86500CBFEEB /* practiceegTests */ = {
			isa = PBXNativeTarget;
			buildConfigurationList = 92224D3B24E3B86500CBFEEB /* Build configuration list for PBXNativeTarget "practiceegTests" */;
			buildPhases = (
				069451648C6D11CA038D795A /* [CP] Check Pods Manifest.lock */,
				92224D2024E3B86500CBFEEB /* Sources */,
				92224D2124E3B86500CBFEEB /* Frameworks */,
				92224D2224E3B86500CBFEEB /* Resources */,
			);
			buildRules = (
			);
			dependencies = (
				92224D2624E3B86500CBFEEB /* PBXTargetDependency */,
			);
			name = practiceegTests;
			productName = practiceegTests;
			productReference = 92224D2424E3B86500CBFEEB /* practiceegTests.xctest */;
			productType = "com.apple.product-type.bundle.unit-test";
		};
		92224D2E24E3B86500CBFEEB /* practiceegUITests */ = {
			isa = PBXNativeTarget;
			buildConfigurationList = 92224D3E24E3B86500CBFEEB /* Build configuration list for PBXNativeTarget "practiceegUITests" */;
			buildPhases = (
				18AC2C26FE7A1FA349E086ED /* [CP] Check Pods Manifest.lock */,
				92224D2B24E3B86500CBFEEB /* Sources */,
				92224D2C24E3B86500CBFEEB /* Frameworks */,
				92224D2D24E3B86500CBFEEB /* Resources */,
				B8E604EACFC3253A80ACBEE5 /* [CP] Embed Pods Frameworks */,
			);
			buildRules = (
			);
			dependencies = (
				92224D3124E3B86500CBFEEB /* PBXTargetDependency */,
			);
			name = practiceegUITests;
			productName = practiceegUITests;
			productReference = 92224D2F24E3B86500CBFEEB /* practiceegUITests.xctest */;
			productType = "com.apple.product-type.bundle.ui-testing";
		};
/* End PBXNativeTarget section */

/* Begin PBXProject section */
		92224D0624E3B86400CBFEEB /* Project object */ = {
			isa = PBXProject;
			attributes = {
				LastSwiftUpdateCheck = 1130;
				LastUpgradeCheck = 1130;
				ORGANIZATIONNAME = "陳昭潔";
				TargetAttributes = {
					92224D0D24E3B86400CBFEEB = {
						CreatedOnToolsVersion = 11.3.1;
					};
					92224D2324E3B86500CBFEEB = {
						CreatedOnToolsVersion = 11.3.1;
						TestTargetID = 92224D0D24E3B86400CBFEEB;
					};
					92224D2E24E3B86500CBFEEB = {
						CreatedOnToolsVersion = 11.3.1;
						TestTargetID = 92224D0D24E3B86400CBFEEB;
					};
				};
			};
			buildConfigurationList = 92224D0924E3B86400CBFEEB /* Build configuration list for PBXProject "practiceeg" */;
			compatibilityVersion = "Xcode 9.3";
			developmentRegion = en;
			hasScannedForEncodings = 0;
			knownRegions = (
				en,
				Base,
			);
			mainGroup = 92224D0524E3B86400CBFEEB;
			productRefGroup = 92224D0F24E3B86400CBFEEB /* Products */;
			projectDirPath = "";
			projectRoot = "";
			targets = (
				92224D0D24E3B86400CBFEEB /* practiceeg */,
				92224D2324E3B86500CBFEEB /* practiceegTests */,
				92224D2E24E3B86500CBFEEB /* practiceegUITests */,
			);
		};
/* End PBXProject section */

/* Begin PBXResourcesBuildPhase section */
		92224D0C24E3B86400CBFEEB /* Resources */ = {
			isa = PBXResourcesBuildPhase;
			buildActionMask = 2147483647;
			files = (
				926D13BC25131E4B00A4B3F9 /* LaunchScreen.storyboard in Resources */,
				92224D1B24E3B86500CBFEEB /* Assets.xcassets in Resources */,
				92224D1924E3B86400CBFEEB /* Main.storyboard in Resources */,
			);
			runOnlyForDeploymentPostprocessing = 0;
		};
		92224D2224E3B86500CBFEEB /* Resources */ = {
			isa = PBXResourcesBuildPhase;
			buildActionMask = 2147483647;
			files = (
			);
			runOnlyForDeploymentPostprocessing = 0;
		};
		92224D2D24E3B86500CBFEEB /* Resources */ = {
			isa = PBXResourcesBuildPhase;
			buildActionMask = 2147483647;
			files = (
			);
			runOnlyForDeploymentPostprocessing = 0;
		};
/* End PBXResourcesBuildPhase section */

/* Begin PBXShellScriptBuildPhase section */
		069451648C6D11CA038D795A /* [CP] Check Pods Manifest.lock */ = {
			isa = PBXShellScriptBuildPhase;
			buildActionMask = 2147483647;
			files = (
			);
			inputFileListPaths = (
			);
			inputPaths = (
				"${PODS_PODFILE_DIR_PATH}/Podfile.lock",
				"${PODS_ROOT}/Manifest.lock",
			);
			name = "[CP] Check Pods Manifest.lock";
			outputFileListPaths = (
			);
			outputPaths = (
				"$(DERIVED_FILE_DIR)/Pods-practiceegTests-checkManifestLockResult.txt",
			);
			runOnlyForDeploymentPostprocessing = 0;
			shellPath = /bin/sh;
			shellScript = "diff \"${PODS_PODFILE_DIR_PATH}/Podfile.lock\" \"${PODS_ROOT}/Manifest.lock\" > /dev/null\nif [ $? != 0 ] ; then\n    # print error to STDERR\n    echo \"error: The sandbox is not in sync with the Podfile.lock. Run 'pod install' or update your CocoaPods installation.\" >&2\n    exit 1\nfi\n# This output is used by Xcode 'outputs' to avoid re-running this script phase.\necho \"SUCCESS\" > \"${SCRIPT_OUTPUT_FILE_0}\"\n";
			showEnvVarsInLog = 0;
		};
		18AC2C26FE7A1FA349E086ED /* [CP] Check Pods Manifest.lock */ = {
			isa = PBXShellScriptBuildPhase;
			buildActionMask = 2147483647;
			files = (
			);
			inputFileListPaths = (
			);
			inputPaths = (
				"${PODS_PODFILE_DIR_PATH}/Podfile.lock",
				"${PODS_ROOT}/Manifest.lock",
			);
			name = "[CP] Check Pods Manifest.lock";
			outputFileListPaths = (
			);
			outputPaths = (
				"$(DERIVED_FILE_DIR)/Pods-practiceeg-practiceegUITests-checkManifestLockResult.txt",
			);
			runOnlyForDeploymentPostprocessing = 0;
			shellPath = /bin/sh;
			shellScript = "diff \"${PODS_PODFILE_DIR_PATH}/Podfile.lock\" \"${PODS_ROOT}/Manifest.lock\" > /dev/null\nif [ $? != 0 ] ; then\n    # print error to STDERR\n    echo \"error: The sandbox is not in sync with the Podfile.lock. Run 'pod install' or update your CocoaPods installation.\" >&2\n    exit 1\nfi\n# This output is used by Xcode 'outputs' to avoid re-running this script phase.\necho \"SUCCESS\" > \"${SCRIPT_OUTPUT_FILE_0}\"\n";
			showEnvVarsInLog = 0;
		};
		3CDA25E2E41A2A86DD11F7E2 /* [CP] Embed Pods Frameworks */ = {
			isa = PBXShellScriptBuildPhase;
			buildActionMask = 2147483647;
			files = (
			);
			inputFileListPaths = (
				"${PODS_ROOT}/Target Support Files/Pods-practiceeg/Pods-practiceeg-frameworks-${CONFIGURATION}-input-files.xcfilelist",
			);
			name = "[CP] Embed Pods Frameworks";
			outputFileListPaths = (
				"${PODS_ROOT}/Target Support Files/Pods-practiceeg/Pods-practiceeg-frameworks-${CONFIGURATION}-output-files.xcfilelist",
			);
			runOnlyForDeploymentPostprocessing = 0;
			shellPath = /bin/sh;
			shellScript = "\"${PODS_ROOT}/Target Support Files/Pods-practiceeg/Pods-practiceeg-frameworks.sh\"\n";
			showEnvVarsInLog = 0;
		};
		68FBB53D4F97820FF9115E76 /* [CP] Check Pods Manifest.lock */ = {
			isa = PBXShellScriptBuildPhase;
			buildActionMask = 2147483647;
			files = (
			);
			inputFileListPaths = (
			);
			inputPaths = (
				"${PODS_PODFILE_DIR_PATH}/Podfile.lock",
				"${PODS_ROOT}/Manifest.lock",
			);
			name = "[CP] Check Pods Manifest.lock";
			outputFileListPaths = (
			);
			outputPaths = (
				"$(DERIVED_FILE_DIR)/Pods-practiceeg-checkManifestLockResult.txt",
			);
			runOnlyForDeploymentPostprocessing = 0;
			shellPath = /bin/sh;
			shellScript = "diff \"${PODS_PODFILE_DIR_PATH}/Podfile.lock\" \"${PODS_ROOT}/Manifest.lock\" > /dev/null\nif [ $? != 0 ] ; then\n    # print error to STDERR\n    echo \"error: The sandbox is not in sync with the Podfile.lock. Run 'pod install' or update your CocoaPods installation.\" >&2\n    exit 1\nfi\n# This output is used by Xcode 'outputs' to avoid re-running this script phase.\necho \"SUCCESS\" > \"${SCRIPT_OUTPUT_FILE_0}\"\n";
			showEnvVarsInLog = 0;
		};
		B8E604EACFC3253A80ACBEE5 /* [CP] Embed Pods Frameworks */ = {
			isa = PBXShellScriptBuildPhase;
			buildActionMask = 2147483647;
			files = (
			);
			inputFileListPaths = (
				"${PODS_ROOT}/Target Support Files/Pods-practiceeg-practiceegUITests/Pods-practiceeg-practiceegUITests-frameworks-${CONFIGURATION}-input-files.xcfilelist",
			);
			name = "[CP] Embed Pods Frameworks";
			outputFileListPaths = (
				"${PODS_ROOT}/Target Support Files/Pods-practiceeg-practiceegUITests/Pods-practiceeg-practiceegUITests-frameworks-${CONFIGURATION}-output-files.xcfilelist",
			);
			runOnlyForDeploymentPostprocessing = 0;
			shellPath = /bin/sh;
			shellScript = "\"${PODS_ROOT}/Target Support Files/Pods-practiceeg-practiceegUITests/Pods-practiceeg-practiceegUITests-frameworks.sh\"\n";
			showEnvVarsInLog = 0;
		};
/* End PBXShellScriptBuildPhase section */

/* Begin PBXSourcesBuildPhase section */
		92224D0A24E3B86400CBFEEB /* Sources */ = {
			isa = PBXSourcesBuildPhase;
			buildActionMask = 2147483647;
			files = (
				92BDCB6825123D26009D1E46 /* Level5.swift in Sources */,
				92A0F1AF2512F3ED0076FBC7 /* PersonViewController.swift in Sources */,
				92BDCB6E251268B2009D1E46 /* LogViewController.swift in Sources */,
				92CBD2452511C8DF00DD2C01 /* Level1.swift in Sources */,
				92BDCB72251273EF009D1E46 /* RegisterViewController.swift in Sources */,
				92224D1624E3B86400CBFEEB /* ViewController.swift in Sources */,
				92224D1224E3B86400CBFEEB /* AppDelegate.swift in Sources */,
				92BDCB6625123C4C009D1E46 /* Level4.swift in Sources */,
				92249B4825123B650031386A /* Level3.swift in Sources */,
				92BDCB70251271C8009D1E46 /* ResetViewController.swift in Sources */,
				92249B46251236720031386A /* Level2.swift in Sources */,
				92224D1424E3B86400CBFEEB /* SceneDelegate.swift in Sources */,
				92CBD2492511CACB00DD2C01 /* HomeCollectionViewCell.swift in Sources */,
				921518D3251397C1000F921B /* phoneViewController.swift in Sources */,
			);
			runOnlyForDeploymentPostprocessing = 0;
		};
		92224D2024E3B86500CBFEEB /* Sources */ = {
			isa = PBXSourcesBuildPhase;
			buildActionMask = 2147483647;
			files = (
				92224D2924E3B86500CBFEEB /* practiceegTests.swift in Sources */,
			);
			runOnlyForDeploymentPostprocessing = 0;
		};
		92224D2B24E3B86500CBFEEB /* Sources */ = {
			isa = PBXSourcesBuildPhase;
			buildActionMask = 2147483647;
			files = (
				92224D3424E3B86500CBFEEB /* practiceegUITests.swift in Sources */,
			);
			runOnlyForDeploymentPostprocessing = 0;
		};
/* End PBXSourcesBuildPhase section */

/* Begin PBXTargetDependency section */
		92224D2624E3B86500CBFEEB /* PBXTargetDependency */ = {
			isa = PBXTargetDependency;
			target = 92224D0D24E3B86400CBFEEB /* practiceeg */;
			targetProxy = 92224D2524E3B86500CBFEEB /* PBXContainerItemProxy */;
		};
		92224D3124E3B86500CBFEEB /* PBXTargetDependency */ = {
			isa = PBXTargetDependency;
			target = 92224D0D24E3B86400CBFEEB /* practiceeg */;
			targetProxy = 92224D3024E3B86500CBFEEB /* PBXContainerItemProxy */;
		};
/* End PBXTargetDependency section */

/* Begin PBXVariantGroup section */
		92224D1724E3B86400CBFEEB /* Main.storyboard */ = {
			isa = PBXVariantGroup;
			children = (
				92224D1824E3B86400CBFEEB /* Base */,
			);
			name = Main.storyboard;
			sourceTree = "<group>";
		};
/* End PBXVariantGroup section */

/* Begin XCBuildConfiguration section */
		92224D3624E3B86500CBFEEB /* Debug */ = {
			isa = XCBuildConfiguration;
			buildSettings = {
				ALWAYS_SEARCH_USER_PATHS = NO;
				CLANG_ANALYZER_NONNULL = YES;
				CLANG_ANALYZER_NUMBER_OBJECT_CONVERSION = YES_AGGRESSIVE;
				CLANG_CXX_LANGUAGE_STANDARD = "gnu++14";
				CLANG_CXX_LIBRARY = "libc++";
				CLANG_ENABLE_MODULES = YES;
				CLANG_ENABLE_OBJC_ARC = YES;
				CLANG_ENABLE_OBJC_WEAK = YES;
				CLANG_WARN_BLOCK_CAPTURE_AUTORELEASING = YES;
				CLANG_WARN_BOOL_CONVERSION = YES;
				CLANG_WARN_COMMA = YES;
				CLANG_WARN_CONSTANT_CONVERSION = YES;
				CLANG_WARN_DEPRECATED_OBJC_IMPLEMENTATIONS = YES;
				CLANG_WARN_DIRECT_OBJC_ISA_USAGE = YES_ERROR;
				CLANG_WARN_DOCUMENTATION_COMMENTS = YES;
				CLANG_WARN_EMPTY_BODY = YES;
				CLANG_WARN_ENUM_CONVERSION = YES;
				CLANG_WARN_INFINITE_RECURSION = YES;
				CLANG_WARN_INT_CONVERSION = YES;
				CLANG_WARN_NON_LITERAL_NULL_CONVERSION = YES;
				CLANG_WARN_OBJC_IMPLICIT_RETAIN_SELF = YES;
				CLANG_WARN_OBJC_LITERAL_CONVERSION = YES;
				CLANG_WARN_OBJC_ROOT_CLASS = YES_ERROR;
				CLANG_WARN_RANGE_LOOP_ANALYSIS = YES;
				CLANG_WARN_STRICT_PROTOTYPES = YES;
				CLANG_WARN_SUSPICIOUS_MOVE = YES;
				CLANG_WARN_UNGUARDED_AVAILABILITY = YES_AGGRESSIVE;
				CLANG_WARN_UNREACHABLE_CODE = YES;
				CLANG_WARN__DUPLICATE_METHOD_MATCH = YES;
				COPY_PHASE_STRIP = NO;
				DEBUG_INFORMATION_FORMAT = dwarf;
				ENABLE_STRICT_OBJC_MSGSEND = YES;
				ENABLE_TESTABILITY = YES;
				GCC_C_LANGUAGE_STANDARD = gnu11;
				GCC_DYNAMIC_NO_PIC = NO;
				GCC_NO_COMMON_BLOCKS = YES;
				GCC_OPTIMIZATION_LEVEL = 0;
				GCC_PREPROCESSOR_DEFINITIONS = (
					"DEBUG=1",
					"$(inherited)",
				);
				GCC_WARN_64_TO_32_BIT_CONVERSION = YES;
				GCC_WARN_ABOUT_RETURN_TYPE = YES_ERROR;
				GCC_WARN_UNDECLARED_SELECTOR = YES;
				GCC_WARN_UNINITIALIZED_AUTOS = YES_AGGRESSIVE;
				GCC_WARN_UNUSED_FUNCTION = YES;
				GCC_WARN_UNUSED_VARIABLE = YES;
				IPHONEOS_DEPLOYMENT_TARGET = 13.2;
				MTL_ENABLE_DEBUG_INFO = INCLUDE_SOURCE;
				MTL_FAST_MATH = YES;
				ONLY_ACTIVE_ARCH = YES;
				SDKROOT = iphoneos;
				SWIFT_ACTIVE_COMPILATION_CONDITIONS = DEBUG;
				SWIFT_OPTIMIZATION_LEVEL = "-Onone";
			};
			name = Debug;
		};
		92224D3724E3B86500CBFEEB /* Release */ = {
			isa = XCBuildConfiguration;
			buildSettings = {
				ALWAYS_SEARCH_USER_PATHS = NO;
				CLANG_ANALYZER_NONNULL = YES;
				CLANG_ANALYZER_NUMBER_OBJECT_CONVERSION = YES_AGGRESSIVE;
				CLANG_CXX_LANGUAGE_STANDARD = "gnu++14";
				CLANG_CXX_LIBRARY = "libc++";
				CLANG_ENABLE_MODULES = YES;
				CLANG_ENABLE_OBJC_ARC = YES;
				CLANG_ENABLE_OBJC_WEAK = YES;
				CLANG_WARN_BLOCK_CAPTURE_AUTORELEASING = YES;
				CLANG_WARN_BOOL_CONVERSION = YES;
				CLANG_WARN_COMMA = YES;
				CLANG_WARN_CONSTANT_CONVERSION = YES;
				CLANG_WARN_DEPRECATED_OBJC_IMPLEMENTATIONS = YES;
				CLANG_WARN_DIRECT_OBJC_ISA_USAGE = YES_ERROR;
				CLANG_WARN_DOCUMENTATION_COMMENTS = YES;
				CLANG_WARN_EMPTY_BODY = YES;
				CLANG_WARN_ENUM_CONVERSION = YES;
				CLANG_WARN_INFINITE_RECURSION = YES;
				CLANG_WARN_INT_CONVERSION = YES;
				CLANG_WARN_NON_LITERAL_NULL_CONVERSION = YES;
				CLANG_WARN_OBJC_IMPLICIT_RETAIN_SELF = YES;
				CLANG_WARN_OBJC_LITERAL_CONVERSION = YES;
				CLANG_WARN_OBJC_ROOT_CLASS = YES_ERROR;
				CLANG_WARN_RANGE_LOOP_ANALYSIS = YES;
				CLANG_WARN_STRICT_PROTOTYPES = YES;
				CLANG_WARN_SUSPICIOUS_MOVE = YES;
				CLANG_WARN_UNGUARDED_AVAILABILITY = YES_AGGRESSIVE;
				CLANG_WARN_UNREACHABLE_CODE = YES;
				CLANG_WARN__DUPLICATE_METHOD_MATCH = YES;
				COPY_PHASE_STRIP = NO;
				DEBUG_INFORMATION_FORMAT = "dwarf-with-dsym";
				ENABLE_NS_ASSERTIONS = NO;
				ENABLE_STRICT_OBJC_MSGSEND = YES;
				GCC_C_LANGUAGE_STANDARD = gnu11;
				GCC_NO_COMMON_BLOCKS = YES;
				GCC_WARN_64_TO_32_BIT_CONVERSION = YES;
				GCC_WARN_ABOUT_RETURN_TYPE = YES_ERROR;
				GCC_WARN_UNDECLARED_SELECTOR = YES;
				GCC_WARN_UNINITIALIZED_AUTOS = YES_AGGRESSIVE;
				GCC_WARN_UNUSED_FUNCTION = YES;
				GCC_WARN_UNUSED_VARIABLE = YES;
				IPHONEOS_DEPLOYMENT_TARGET = 13.2;
				MTL_ENABLE_DEBUG_INFO = NO;
				MTL_FAST_MATH = YES;
				SDKROOT = iphoneos;
				SWIFT_COMPILATION_MODE = wholemodule;
				SWIFT_OPTIMIZATION_LEVEL = "-O";
				VALIDATE_PRODUCT = YES;
			};
			name = Release;
		};
		92224D3924E3B86500CBFEEB /* Debug */ = {
			isa = XCBuildConfiguration;
			baseConfigurationReference = 7968977D24DFB408E072BB77 /* Pods-practiceeg.debug.xcconfig */;
			buildSettings = {
				ASSETCATALOG_COMPILER_APPICON_NAME = AppIcon;
				CODE_SIGN_STYLE = Automatic;
				FRAMEWORK_SEARCH_PATHS = (
					"$(inherited)",
					"$(PROJECT_DIR)/Agora_Native_SDK_for_iOS_VOICE/libs",
					"$(PROJECT_DIR)",
				);
				INFOPLIST_FILE = practiceeg/Info.plist;
				LD_RUNPATH_SEARCH_PATHS = (
					"$(inherited)",
					"@executable_path/Frameworks",
				);
				PRODUCT_BUNDLE_IDENTIFIER = com.zhaoj.practiceeg;
				PRODUCT_NAME = "$(TARGET_NAME)";
				SWIFT_VERSION = 5.0;
				TARGETED_DEVICE_FAMILY = "1,2";
			};
			name = Debug;
		};
		92224D3A24E3B86500CBFEEB /* Release */ = {
			isa = XCBuildConfiguration;
			baseConfigurationReference = 3E44CDF5B4F99B0B91C26746 /* Pods-practiceeg.release.xcconfig */;
			buildSettings = {
				ASSETCATALOG_COMPILER_APPICON_NAME = AppIcon;
				CODE_SIGN_STYLE = Automatic;
				FRAMEWORK_SEARCH_PATHS = (
					"$(inherited)",
					"$(PROJECT_DIR)/Agora_Native_SDK_for_iOS_VOICE/libs",
					"$(PROJECT_DIR)",
				);
				INFOPLIST_FILE = practiceeg/Info.plist;
				LD_RUNPATH_SEARCH_PATHS = (
					"$(inherited)",
					"@executable_path/Frameworks",
				);
				PRODUCT_BUNDLE_IDENTIFIER = com.zhaoj.practiceeg;
				PRODUCT_NAME = "$(TARGET_NAME)";
				SWIFT_VERSION = 5.0;
				TARGETED_DEVICE_FAMILY = "1,2";
			};
			name = Release;
		};
		92224D3C24E3B86500CBFEEB /* Debug */ = {
			isa = XCBuildConfiguration;
			baseConfigurationReference = 3CC6FE93467AB2348C2F5431 /* Pods-practiceegTests.debug.xcconfig */;
			buildSettings = {
				ALWAYS_EMBED_SWIFT_STANDARD_LIBRARIES = YES;
				BUNDLE_LOADER = "$(TEST_HOST)";
				CODE_SIGN_STYLE = Automatic;
				INFOPLIST_FILE = practiceegTests/Info.plist;
				IPHONEOS_DEPLOYMENT_TARGET = 13.2;
				LD_RUNPATH_SEARCH_PATHS = (
					"$(inherited)",
					"@executable_path/Frameworks",
					"@loader_path/Frameworks",
				);
				PRODUCT_BUNDLE_IDENTIFIER = com.zhaoj.practiceegTests;
				PRODUCT_NAME = "$(TARGET_NAME)";
				SWIFT_VERSION = 5.0;
				TARGETED_DEVICE_FAMILY = "1,2";
				TEST_HOST = "$(BUILT_PRODUCTS_DIR)/practiceeg.app/practiceeg";
			};
			name = Debug;
		};
		92224D3D24E3B86500CBFEEB /* Release */ = {
			isa = XCBuildConfiguration;
			baseConfigurationReference = 5A8353C0E88C0173CC10C970 /* Pods-practiceegTests.release.xcconfig */;
			buildSettings = {
				ALWAYS_EMBED_SWIFT_STANDARD_LIBRARIES = YES;
				BUNDLE_LOADER = "$(TEST_HOST)";
				CODE_SIGN_STYLE = Automatic;
				INFOPLIST_FILE = practiceegTests/Info.plist;
				IPHONEOS_DEPLOYMENT_TARGET = 13.2;
				LD_RUNPATH_SEARCH_PATHS = (
					"$(inherited)",
					"@executable_path/Frameworks",
					"@loader_path/Frameworks",
				);
				PRODUCT_BUNDLE_IDENTIFIER = com.zhaoj.practiceegTests;
				PRODUCT_NAME = "$(TARGET_NAME)";
				SWIFT_VERSION = 5.0;
				TARGETED_DEVICE_FAMILY = "1,2";
				TEST_HOST = "$(BUILT_PRODUCTS_DIR)/practiceeg.app/practiceeg";
			};
			name = Release;
		};
		92224D3F24E3B86500CBFEEB /* Debug */ = {
			isa = XCBuildConfiguration;
			baseConfigurationReference = 2BE85461FB298D0820FE4EDF /* Pods-practiceeg-practiceegUITests.debug.xcconfig */;
			buildSettings = {
				ALWAYS_EMBED_SWIFT_STANDARD_LIBRARIES = YES;
				CODE_SIGN_STYLE = Automatic;
				INFOPLIST_FILE = practiceegUITests/Info.plist;
				LD_RUNPATH_SEARCH_PATHS = (
					"$(inherited)",
					"@executable_path/Frameworks",
					"@loader_path/Frameworks",
				);
				PRODUCT_BUNDLE_IDENTIFIER = com.zhaoj.practiceegUITests;
				PRODUCT_NAME = "$(TARGET_NAME)";
				SWIFT_VERSION = 5.0;
				TARGETED_DEVICE_FAMILY = "1,2";
				TEST_TARGET_NAME = practiceeg;
			};
			name = Debug;
		};
		92224D4024E3B86500CBFEEB /* Release */ = {
			isa = XCBuildConfiguration;
			baseConfigurationReference = AEE3E16E7067481E71FDCC27 /* Pods-practiceeg-practiceegUITests.release.xcconfig */;
			buildSettings = {
				ALWAYS_EMBED_SWIFT_STANDARD_LIBRARIES = YES;
				CODE_SIGN_STYLE = Automatic;
				INFOPLIST_FILE = practiceegUITests/Info.plist;
				LD_RUNPATH_SEARCH_PATHS = (
					"$(inherited)",
					"@executable_path/Frameworks",
					"@loader_path/Frameworks",
				);
				PRODUCT_BUNDLE_IDENTIFIER = com.zhaoj.practiceegUITests;
				PRODUCT_NAME = "$(TARGET_NAME)";
				SWIFT_VERSION = 5.0;
				TARGETED_DEVICE_FAMILY = "1,2";
				TEST_TARGET_NAME = practiceeg;
			};
			name = Release;
		};
/* End XCBuildConfiguration section */

/* Begin XCConfigurationList section */
		92224D0924E3B86400CBFEEB /* Build configuration list for PBXProject "practiceeg" */ = {
			isa = XCConfigurationList;
			buildConfigurations = (
				92224D3624E3B86500CBFEEB /* Debug */,
				92224D3724E3B86500CBFEEB /* Release */,
			);
			defaultConfigurationIsVisible = 0;
			defaultConfigurationName = Release;
		};
		92224D3824E3B86500CBFEEB /* Build configuration list for PBXNativeTarget "practiceeg" */ = {
			isa = XCConfigurationList;
			buildConfigurations = (
				92224D3924E3B86500CBFEEB /* Debug */,
				92224D3A24E3B86500CBFEEB /* Release */,
			);
			defaultConfigurationIsVisible = 0;
			defaultConfigurationName = Release;
		};
		92224D3B24E3B86500CBFEEB /* Build configuration list for PBXNativeTarget "practiceegTests" */ = {
			isa = XCConfigurationList;
			buildConfigurations = (
				92224D3C24E3B86500CBFEEB /* Debug */,
				92224D3D24E3B86500CBFEEB /* Release */,
			);
			defaultConfigurationIsVisible = 0;
			defaultConfigurationName = Release;
		};
		92224D3E24E3B86500CBFEEB /* Build configuration list for PBXNativeTarget "practiceegUITests" */ = {
			isa = XCConfigurationList;
			buildConfigurations = (
				92224D3F24E3B86500CBFEEB /* Debug */,
				92224D4024E3B86500CBFEEB /* Release */,
			);
			defaultConfigurationIsVisible = 0;
			defaultConfigurationName = Release;
		};
/* End XCConfigurationList section */
	};
	rootObject = 92224D0624E3B86400CBFEEB /* Project object */;
}
