PODS:
  - AgoraAudio_iOS (3.0.1)
  - AgoraRtcEngine_iOS (2.9.3.205)

DEPENDENCIES:
  - AgoraAudio_iOS (~> 3.0.0)
  - AgoraRtcEngine_iOS (~> 2.9.0)

SPEC REPOS:
  trunk:
    - AgoraAudio_iOS
    - AgoraRtcEngine_iOS

SPEC CHECKSUMS:
  AgoraAudio_iOS: a91eb5c913e300dab7127f1e03ed5b90e6c441d5
  AgoraRtcEngine_iOS: 70822b2aee4f83c4e462023e33d5f550d1f25ad0

PODFILE CHECKSUM: d0f71ec8850ad6e5b102bc42bd2216cb590ebf07

COCOAPODS: 1.9.3
