// !$*UTF8*$!
{
	archiveVersion = 1;
	classes = {
	};
	objectVersion = 50;
	objects = {

/* Begin PBXBuildFile section */
		0C89FC05228B9094B474F70E /* Pods_practiceEn.framework in Frameworks */ = {isa = PBXBuildFile; fileRef = FF5272D44D9D2E089F97180B /* Pods_practiceEn.framework */; };
		903DB97D25265315008712E6 /* HomeTable.swift in Sources */ = {isa = PBXBuildFile; fileRef = 903DB97C25265315008712E6 /* HomeTable.swift */; };
		903DB97F2526538F008712E6 /* LevelCollection.swift in Sources */ = {isa = PBXBuildFile; fileRef = 903DB97E2526538F008712E6 /* LevelCollection.swift */; };
		903DB98125265421008712E6 /* FeatureCell.swift in Sources */ = {isa = PBXBuildFile; fileRef = 903DB98025265421008712E6 /* FeatureCell.swift */; };
		903DB98325265445008712E6 /* CategoryCell.swift in Sources */ = {isa = PBXBuildFile; fileRef = 903DB98225265445008712E6 /* CategoryCell.swift */; };
		903DB987252654B6008712E6 /* LevelCell.swift in Sources */ = {isa = PBXBuildFile; fileRef = 903DB986252654B6008712E6 /* LevelCell.swift */; };
		903DB9BD25286F92008712E6 /* LevelOneViewController.swift in Sources */ = {isa = PBXBuildFile; fileRef = 903DB9BC25286F92008712E6 /* LevelOneViewController.swift */; };
		903DB9BF252B301B008712E6 /* LevelTwoViewController.swift in Sources */ = {isa = PBXBuildFile; fileRef = 903DB9BE252B301B008712E6 /* LevelTwoViewController.swift */; };
		903F42B92523354D0024631C /* AppDelegate.swift in Sources */ = {isa = PBXBuildFile; fileRef = 903F42B82523354D0024631C /* AppDelegate.swift */; };
		903F42BB2523354D0024631C /* SceneDelegate.swift in Sources */ = {isa = PBXBuildFile; fileRef = 903F42BA2523354D0024631C /* SceneDelegate.swift */; };
		903F42BD2523354D0024631C /* ViewController.swift in Sources */ = {isa = PBXBuildFile; fileRef = 903F42BC2523354D0024631C /* ViewController.swift */; };
		903F42C02523354D0024631C /* Main.storyboard in Resources */ = {isa = PBXBuildFile; fileRef = 903F42BE2523354D0024631C /* Main.storyboard */; };
		903F42C2252335510024631C /* Assets.xcassets in Resources */ = {isa = PBXBuildFile; fileRef = 903F42C1252335510024631C /* Assets.xcassets */; };
		903F42C5252335510024631C /* LaunchScreen.storyboard in Resources */ = {isa = PBXBuildFile; fileRef = 903F42C3252335510024631C /* LaunchScreen.storyboard */; };
		903F42CF252339030024631C /* SignupViewController.swift in Sources */ = {isa = PBXBuildFile; fileRef = 903F42CE252339030024631C /* SignupViewController.swift */; };
		903F42D1252339820024631C /* FirstpageViewController.swift in Sources */ = {isa = PBXBuildFile; fileRef = 903F42D0252339820024631C /* FirstpageViewController.swift */; };
		903F42D525233A150024631C /* ThirdpageViewController.swift in Sources */ = {isa = PBXBuildFile; fileRef = 903F42D425233A150024631C /* ThirdpageViewController.swift */; };
		903F42D825233AF90024631C /* Signup.storyboard in Resources */ = {isa = PBXBuildFile; fileRef = 903F42D625233AF90024631C /* Signup.storyboard */; };
		903F42DA25233B280024631C /* Firstpage.storyboard in Resources */ = {isa = PBXBuildFile; fileRef = 903F42D925233B280024631C /* Firstpage.storyboard */; };
		903F42DD25233B460024631C /* Secondpage.storyboard in Resources */ = {isa = PBXBuildFile; fileRef = 903F42DB25233B460024631C /* Secondpage.storyboard */; };
		903F42DF25233B660024631C /* Thirdpage.storyboard in Resources */ = {isa = PBXBuildFile; fileRef = 903F42DE25233B660024631C /* Thirdpage.storyboard */; };
/* End PBXBuildFile section */

/* Begin PBXFileReference section */
		76CFDABC5E586DC83B9CDB11 /* Pods-practiceEn.debug.xcconfig */ = {isa = PBXFileReference; includeInIndex = 1; lastKnownFileType = text.xcconfig; name = "Pods-practiceEn.debug.xcconfig"; path = "Target Support Files/Pods-practiceEn/Pods-practiceEn.debug.xcconfig"; sourceTree = "<group>"; };
		903DB97C25265315008712E6 /* HomeTable.swift */ = {isa = PBXFileReference; lastKnownFileType = sourcecode.swift; path = HomeTable.swift; sourceTree = "<group>"; };
		903DB97E2526538F008712E6 /* LevelCollection.swift */ = {isa = PBXFileReference; lastKnownFileType = sourcecode.swift; path = LevelCollection.swift; sourceTree = "<group>"; };
		903DB98025265421008712E6 /* FeatureCell.swift */ = {isa = PBXFileReference; lastKnownFileType = sourcecode.swift; path = FeatureCell.swift; sourceTree = "<group>"; };
		903DB98225265445008712E6 /* CategoryCell.swift */ = {isa = PBXFileReference; lastKnownFileType = sourcecode.swift; path = CategoryCell.swift; sourceTree = "<group>"; };
		903DB986252654B6008712E6 /* LevelCell.swift */ = {isa = PBXFileReference; lastKnownFileType = sourcecode.swift; path = LevelCell.swift; sourceTree = "<group>"; };
		903DB9B2252725D8008712E6 /* practiceEn-Bridging-Header.h */ = {isa = PBXFileReference; lastKnownFileType = sourcecode.c.h; path = "practiceEn-Bridging-Header.h"; sourceTree = "<group>"; };
		903DB9BC25286F92008712E6 /* LevelOneViewController.swift */ = {isa = PBXFileReference; lastKnownFileType = sourcecode.swift; path = LevelOneViewController.swift; sourceTree = "<group>"; };
		903DB9BE252B301B008712E6 /* LevelTwoViewController.swift */ = {isa = PBXFileReference; lastKnownFileType = sourcecode.swift; path = LevelTwoViewController.swift; sourceTree = "<group>"; };
		903F42B52523354D0024631C /* practiceEn.app */ = {isa = PBXFileReference; explicitFileType = wrapper.application; includeInIndex = 0; path = practiceEn.app; sourceTree = BUILT_PRODUCTS_DIR; };
		903F42B82523354D0024631C /* AppDelegate.swift */ = {isa = PBXFileReference; lastKnownFileType = sourcecode.swift; path = AppDelegate.swift; sourceTree = "<group>"; };
		903F42BA2523354D0024631C /* SceneDelegate.swift */ = {isa = PBXFileReference; lastKnownFileType = sourcecode.swift; path = SceneDelegate.swift; sourceTree = "<group>"; };
		903F42BC2523354D0024631C /* ViewController.swift */ = {isa = PBXFileReference; lastKnownFileType = sourcecode.swift; path = ViewController.swift; sourceTree = "<group>"; };
		903F42BF2523354D0024631C /* Base */ = {isa = PBXFileReference; lastKnownFileType = file.storyboard; name = Base; path = Base.lproj/Main.storyboard; sourceTree = "<group>"; };
		903F42C1252335510024631C /* Assets.xcassets */ = {isa = PBXFileReference; lastKnownFileType = folder.assetcatalog; path = Assets.xcassets; sourceTree = "<group>"; };
		903F42C4252335510024631C /* Base */ = {isa = PBXFileReference; lastKnownFileType = file.storyboard; name = Base; path = Base.lproj/LaunchScreen.storyboard; sourceTree = "<group>"; };
		903F42C6252335510024631C /* Info.plist */ = {isa = PBXFileReference; lastKnownFileType = text.plist.xml; path = Info.plist; sourceTree = "<group>"; };
		903F42CE252339030024631C /* SignupViewController.swift */ = {isa = PBXFileReference; lastKnownFileType = sourcecode.swift; path = SignupViewController.swift; sourceTree = "<group>"; };
		903F42D0252339820024631C /* FirstpageViewController.swift */ = {isa = PBXFileReference; lastKnownFileType = sourcecode.swift; path = FirstpageViewController.swift; sourceTree = "<group>"; };
		903F42D425233A150024631C /* ThirdpageViewController.swift */ = {isa = PBXFileReference; lastKnownFileType = sourcecode.swift; path = ThirdpageViewController.swift; sourceTree = "<group>"; };
		903F42D725233AF90024631C /* Base */ = {isa = PBXFileReference; lastKnownFileType = file.storyboard; name = Base; path = practiceEn/Base.lproj/Signup.storyboard; sourceTree = "<group>"; };
		903F42D925233B280024631C /* Firstpage.storyboard */ = {isa = PBXFileReference; fileEncoding = 4; lastKnownFileType = file.storyboard; path = Firstpage.storyboard; sourceTree = "<group>"; };
		903F42DC25233B460024631C /* Base */ = {isa = PBXFileReference; lastKnownFileType = file.storyboard; name = Base; path = practiceEn/Base.lproj/Secondpage.storyboard; sourceTree = "<group>"; };
		903F42DE25233B660024631C /* Thirdpage.storyboard */ = {isa = PBXFileReference; fileEncoding = 4; lastKnownFileType = file.storyboard; path = Thirdpage.storyboard; sourceTree = "<group>"; };
		96C9C340C4DFB78941D7AD0E /* Pods-practiceEn.release.xcconfig */ = {isa = PBXFileReference; includeInIndex = 1; lastKnownFileType = text.xcconfig; name = "Pods-practiceEn.release.xcconfig"; path = "Target Support Files/Pods-practiceEn/Pods-practiceEn.release.xcconfig"; sourceTree = "<group>"; };
		FF5272D44D9D2E089F97180B /* Pods_practiceEn.framework */ = {isa = PBXFileReference; explicitFileType = wrapper.framework; includeInIndex = 0; path = Pods_practiceEn.framework; sourceTree = BUILT_PRODUCTS_DIR; };
/* End PBXFileReference section */

/* Begin PBXFrameworksBuildPhase section */
		903F42B22523354D0024631C /* Frameworks */ = {
			isa = PBXFrameworksBuildPhase;
			buildActionMask = 2147483647;
			files = (
				0C89FC05228B9094B474F70E /* Pods_practiceEn.framework in Frameworks */,
			);
			runOnlyForDeploymentPostprocessing = 0;
		};
/* End PBXFrameworksBuildPhase section */

/* Begin PBXGroup section */
		903DB9B625285974008712E6 /* firstpage */ = {
			isa = PBXGroup;
			children = (
				903DB97C25265315008712E6 /* HomeTable.swift */,
				903DB9BC25286F92008712E6 /* LevelOneViewController.swift */,
				903DB9BE252B301B008712E6 /* LevelTwoViewController.swift */,
				903DB97E2526538F008712E6 /* LevelCollection.swift */,
				903DB98025265421008712E6 /* FeatureCell.swift */,
				903DB98225265445008712E6 /* CategoryCell.swift */,
				903DB986252654B6008712E6 /* LevelCell.swift */,
			);
			path = firstpage;
			sourceTree = "<group>";
		};
		903F42AC2523354D0024631C = {
			isa = PBXGroup;
			children = (
				903F42D625233AF90024631C /* Signup.storyboard */,
				903F42DE25233B660024631C /* Thirdpage.storyboard */,
				903F42DB25233B460024631C /* Secondpage.storyboard */,
				903F42D925233B280024631C /* Firstpage.storyboard */,
				903DB9B625285974008712E6 /* firstpage */,
				903F42B72523354D0024631C /* practiceEn */,
				903F42B62523354D0024631C /* Products */,
				B762555920A98BF2A7191F94 /* Pods */,
				A837901E058CE7D50D36778B /* Frameworks */,
			);
			sourceTree = "<group>";
		};
		903F42B62523354D0024631C /* Products */ = {
			isa = PBXGroup;
			children = (
				903F42B52523354D0024631C /* practiceEn.app */,
			);
			name = Products;
			sourceTree = "<group>";
		};
		903F42B72523354D0024631C /* practiceEn */ = {
			isa = PBXGroup;
			children = (
				903F42BE2523354D0024631C /* Main.storyboard */,
				903F42B82523354D0024631C /* AppDelegate.swift */,
				903F42BA2523354D0024631C /* SceneDelegate.swift */,
				903F42BC2523354D0024631C /* ViewController.swift */,
				903F42CE252339030024631C /* SignupViewController.swift */,
				903F42D0252339820024631C /* FirstpageViewController.swift */,
				903F42D425233A150024631C /* ThirdpageViewController.swift */,
				903F42C1252335510024631C /* Assets.xcassets */,
				903F42C3252335510024631C /* LaunchScreen.storyboard */,
				903F42C6252335510024631C /* Info.plist */,
				903DB9B2252725D8008712E6 /* practiceEn-Bridging-Header.h */,
			);
			path = practiceEn;
			sourceTree = "<group>";
		};
		A837901E058CE7D50D36778B /* Frameworks */ = {
			isa = PBXGroup;
			children = (
				FF5272D44D9D2E089F97180B /* Pods_practiceEn.framework */,
			);
			name = Frameworks;
			sourceTree = "<group>";
		};
		B762555920A98BF2A7191F94 /* Pods */ = {
			isa = PBXGroup;
			children = (
				76CFDABC5E586DC83B9CDB11 /* Pods-practiceEn.debug.xcconfig */,
				96C9C340C4DFB78941D7AD0E /* Pods-practiceEn.release.xcconfig */,
			);
			path = Pods;
			sourceTree = "<group>";
		};
/* End PBXGroup section */

/* Begin PBXNativeTarget section */
		903F42B42523354D0024631C /* practiceEn */ = {
			isa = PBXNativeTarget;
			buildConfigurationList = 903F42C9252335510024631C /* Build configuration list for PBXNativeTarget "practiceEn" */;
			buildPhases = (
				C96EF525BBBF802C4127F8D0 /* [CP] Check Pods Manifest.lock */,
				903F42B12523354D0024631C /* Sources */,
				903F42B22523354D0024631C /* Frameworks */,
				903F42B32523354D0024631C /* Resources */,
			);
			buildRules = (
			);
			dependencies = (
			);
			name = practiceEn;
			productName = practiceEn;
			productReference = 903F42B52523354D0024631C /* practiceEn.app */;
			productType = "com.apple.product-type.application";
		};
/* End PBXNativeTarget section */

/* Begin PBXProject section */
		903F42AD2523354D0024631C /* Project object */ = {
			isa = PBXProject;
			attributes = {
				LastSwiftUpdateCheck = 1130;
				LastUpgradeCheck = 1130;
				ORGANIZATIONNAME = zencher;
				TargetAttributes = {
					903F42B42523354D0024631C = {
						CreatedOnToolsVersion = 11.3.1;
						LastSwiftMigration = 1130;
					};
				};
			};
			buildConfigurationList = 903F42B02523354D0024631C /* Build configuration list for PBXProject "practiceEn" */;
			compatibilityVersion = "Xcode 9.3";
			developmentRegion = en;
			hasScannedForEncodings = 0;
			knownRegions = (
				en,
				Base,
			);
			mainGroup = 903F42AC2523354D0024631C;
			productRefGroup = 903F42B62523354D0024631C /* Products */;
			projectDirPath = "";
			projectRoot = "";
			targets = (
				903F42B42523354D0024631C /* practiceEn */,
			);
		};
/* End PBXProject section */

/* Begin PBXResourcesBuildPhase section */
		903F42B32523354D0024631C /* Resources */ = {
			isa = PBXResourcesBuildPhase;
			buildActionMask = 2147483647;
			files = (
				903F42C5252335510024631C /* LaunchScreen.storyboard in Resources */,
				903F42DF25233B660024631C /* Thirdpage.storyboard in Resources */,
				903F42DD25233B460024631C /* Secondpage.storyboard in Resources */,
				903F42C2252335510024631C /* Assets.xcassets in Resources */,
				903F42D825233AF90024631C /* Signup.storyboard in Resources */,
				903F42DA25233B280024631C /* Firstpage.storyboard in Resources */,
				903F42C02523354D0024631C /* Main.storyboard in Resources */,
			);
			runOnlyForDeploymentPostprocessing = 0;
		};
/* End PBXResourcesBuildPhase section */

/* Begin PBXShellScriptBuildPhase section */
		C96EF525BBBF802C4127F8D0 /* [CP] Check Pods Manifest.lock */ = {
			isa = PBXShellScriptBuildPhase;
			buildActionMask = 2147483647;
			files = (
			);
			inputFileListPaths = (
			);
			inputPaths = (
				"${PODS_PODFILE_DIR_PATH}/Podfile.lock",
				"${PODS_ROOT}/Manifest.lock",
			);
			name = "[CP] Check Pods Manifest.lock";
			outputFileListPaths = (
			);
			outputPaths = (
				"$(DERIVED_FILE_DIR)/Pods-practiceEn-checkManifestLockResult.txt",
			);
			runOnlyForDeploymentPostprocessing = 0;
			shellPath = /bin/sh;
			shellScript = "diff \"${PODS_PODFILE_DIR_PATH}/Podfile.lock\" \"${PODS_ROOT}/Manifest.lock\" > /dev/null\nif [ $? != 0 ] ; then\n    # print error to STDERR\n    echo \"error: The sandbox is not in sync with the Podfile.lock. Run 'pod install' or update your CocoaPods installation.\" >&2\n    exit 1\nfi\n# This output is used by Xcode 'outputs' to avoid re-running this script phase.\necho \"SUCCESS\" > \"${SCRIPT_OUTPUT_FILE_0}\"\n";
			showEnvVarsInLog = 0;
		};
/* End PBXShellScriptBuildPhase section */

/* Begin PBXSourcesBuildPhase section */
		903F42B12523354D0024631C /* Sources */ = {
			isa = PBXSourcesBuildPhase;
			buildActionMask = 2147483647;
			files = (
				903F42D1252339820024631C /* FirstpageViewController.swift in Sources */,
				903F42BD2523354D0024631C /* ViewController.swift in Sources */,
				903DB98125265421008712E6 /* FeatureCell.swift in Sources */,
				903DB987252654B6008712E6 /* LevelCell.swift in Sources */,
				903DB97D25265315008712E6 /* HomeTable.swift in Sources */,
				903F42D525233A150024631C /* ThirdpageViewController.swift in Sources */,
				903DB97F2526538F008712E6 /* LevelCollection.swift in Sources */,
				903DB9BF252B301B008712E6 /* LevelTwoViewController.swift in Sources */,
				903F42B92523354D0024631C /* AppDelegate.swift in Sources */,
				903DB9BD25286F92008712E6 /* LevelOneViewController.swift in Sources */,
				903F42CF252339030024631C /* SignupViewController.swift in Sources */,
				903F42BB2523354D0024631C /* SceneDelegate.swift in Sources */,
				903DB98325265445008712E6 /* CategoryCell.swift in Sources */,
			);
			runOnlyForDeploymentPostprocessing = 0;
		};
/* End PBXSourcesBuildPhase section */

/* Begin PBXVariantGroup section */
		903F42BE2523354D0024631C /* Main.storyboard */ = {
			isa = PBXVariantGroup;
			children = (
				903F42BF2523354D0024631C /* Base */,
			);
			name = Main.storyboard;
			sourceTree = "<group>";
		};
		903F42C3252335510024631C /* LaunchScreen.storyboard */ = {
			isa = PBXVariantGroup;
			children = (
				903F42C4252335510024631C /* Base */,
			);
			name = LaunchScreen.storyboard;
			sourceTree = "<group>";
		};
		903F42D625233AF90024631C /* Signup.storyboard */ = {
			isa = PBXVariantGroup;
			children = (
				903F42D725233AF90024631C /* Base */,
			);
			name = Signup.storyboard;
			sourceTree = "<group>";
		};
		903F42DB25233B460024631C /* Secondpage.storyboard */ = {
			isa = PBXVariantGroup;
			children = (
				903F42DC25233B460024631C /* Base */,
			);
			name = Secondpage.storyboard;
			sourceTree = "<group>";
		};
/* End PBXVariantGroup section */

/* Begin XCBuildConfiguration section */
		903F42C7252335510024631C /* Debug */ = {
			isa = XCBuildConfiguration;
			buildSettings = {
				ALWAYS_SEARCH_USER_PATHS = NO;
				CLANG_ANALYZER_NONNULL = YES;
				CLANG_ANALYZER_NUMBER_OBJECT_CONVERSION = YES_AGGRESSIVE;
				CLANG_CXX_LANGUAGE_STANDARD = "gnu++14";
				CLANG_CXX_LIBRARY = "libc++";
				CLANG_ENABLE_MODULES = YES;
				CLANG_ENABLE_OBJC_ARC = YES;
				CLANG_ENABLE_OBJC_WEAK = YES;
				CLANG_WARN_BLOCK_CAPTURE_AUTORELEASING = YES;
				CLANG_WARN_BOOL_CONVERSION = YES;
				CLANG_WARN_COMMA = YES;
				CLANG_WARN_CONSTANT_CONVERSION = YES;
				CLANG_WARN_DEPRECATED_OBJC_IMPLEMENTATIONS = YES;
				CLANG_WARN_DIRECT_OBJC_ISA_USAGE = YES_ERROR;
				CLANG_WARN_DOCUMENTATION_COMMENTS = YES;
				CLANG_WARN_EMPTY_BODY = YES;
				CLANG_WARN_ENUM_CONVERSION = YES;
				CLANG_WARN_INFINITE_RECURSION = YES;
				CLANG_WARN_INT_CONVERSION = YES;
				CLANG_WARN_NON_LITERAL_NULL_CONVERSION = YES;
				CLANG_WARN_OBJC_IMPLICIT_RETAIN_SELF = YES;
				CLANG_WARN_OBJC_LITERAL_CONVERSION = YES;
				CLANG_WARN_OBJC_ROOT_CLASS = YES_ERROR;
				CLANG_WARN_RANGE_LOOP_ANALYSIS = YES;
				CLANG_WARN_STRICT_PROTOTYPES = YES;
				CLANG_WARN_SUSPICIOUS_MOVE = YES;
				CLANG_WARN_UNGUARDED_AVAILABILITY = YES_AGGRESSIVE;
				CLANG_WARN_UNREACHABLE_CODE = YES;
				CLANG_WARN__DUPLICATE_METHOD_MATCH = YES;
				COPY_PHASE_STRIP = NO;
				DEBUG_INFORMATION_FORMAT = dwarf;
				ENABLE_STRICT_OBJC_MSGSEND = YES;
				ENABLE_TESTABILITY = YES;
				GCC_C_LANGUAGE_STANDARD = gnu11;
				GCC_DYNAMIC_NO_PIC = NO;
				GCC_NO_COMMON_BLOCKS = YES;
				GCC_OPTIMIZATION_LEVEL = 0;
				GCC_PREPROCESSOR_DEFINITIONS = (
					"DEBUG=1",
					"$(inherited)",
				);
				GCC_WARN_64_TO_32_BIT_CONVERSION = YES;
				GCC_WARN_ABOUT_RETURN_TYPE = YES_ERROR;
				GCC_WARN_UNDECLARED_SELECTOR = YES;
				GCC_WARN_UNINITIALIZED_AUTOS = YES_AGGRESSIVE;
				GCC_WARN_UNUSED_FUNCTION = YES;
				GCC_WARN_UNUSED_VARIABLE = YES;
				IPHONEOS_DEPLOYMENT_TARGET = 13.2;
				MTL_ENABLE_DEBUG_INFO = INCLUDE_SOURCE;
				MTL_FAST_MATH = YES;
				ONLY_ACTIVE_ARCH = YES;
				SDKROOT = iphoneos;
				SWIFT_ACTIVE_COMPILATION_CONDITIONS = DEBUG;
				SWIFT_OPTIMIZATION_LEVEL = "-Onone";
			};
			name = Debug;
		};
		903F42C8252335510024631C /* Release */ = {
			isa = XCBuildConfiguration;
			buildSettings = {
				ALWAYS_SEARCH_USER_PATHS = NO;
				CLANG_ANALYZER_NONNULL = YES;
				CLANG_ANALYZER_NUMBER_OBJECT_CONVERSION = YES_AGGRESSIVE;
				CLANG_CXX_LANGUAGE_STANDARD = "gnu++14";
				CLANG_CXX_LIBRARY = "libc++";
				CLANG_ENABLE_MODULES = YES;
				CLANG_ENABLE_OBJC_ARC = YES;
				CLANG_ENABLE_OBJC_WEAK = YES;
				CLANG_WARN_BLOCK_CAPTURE_AUTORELEASING = YES;
				CLANG_WARN_BOOL_CONVERSION = YES;
				CLANG_WARN_COMMA = YES;
				CLANG_WARN_CONSTANT_CONVERSION = YES;
				CLANG_WARN_DEPRECATED_OBJC_IMPLEMENTATIONS = YES;
				CLANG_WARN_DIRECT_OBJC_ISA_USAGE = YES_ERROR;
				CLANG_WARN_DOCUMENTATION_COMMENTS = YES;
				CLANG_WARN_EMPTY_BODY = YES;
				CLANG_WARN_ENUM_CONVERSION = YES;
				CLANG_WARN_INFINITE_RECURSION = YES;
				CLANG_WARN_INT_CONVERSION = YES;
				CLANG_WARN_NON_LITERAL_NULL_CONVERSION = YES;
				CLANG_WARN_OBJC_IMPLICIT_RETAIN_SELF = YES;
				CLANG_WARN_OBJC_LITERAL_CONVERSION = YES;
				CLANG_WARN_OBJC_ROOT_CLASS = YES_ERROR;
				CLANG_WARN_RANGE_LOOP_ANALYSIS = YES;
				CLANG_WARN_STRICT_PROTOTYPES = YES;
				CLANG_WARN_SUSPICIOUS_MOVE = YES;
				CLANG_WARN_UNGUARDED_AVAILABILITY = YES_AGGRESSIVE;
				CLANG_WARN_UNREACHABLE_CODE = YES;
				CLANG_WARN__DUPLICATE_METHOD_MATCH = YES;
				COPY_PHASE_STRIP = NO;
				DEBUG_INFORMATION_FORMAT = "dwarf-with-dsym";
				ENABLE_NS_ASSERTIONS = NO;
				ENABLE_STRICT_OBJC_MSGSEND = YES;
				GCC_C_LANGUAGE_STANDARD = gnu11;
				GCC_NO_COMMON_BLOCKS = YES;
				GCC_WARN_64_TO_32_BIT_CONVERSION = YES;
				GCC_WARN_ABOUT_RETURN_TYPE = YES_ERROR;
				GCC_WARN_UNDECLARED_SELECTOR = YES;
				GCC_WARN_UNINITIALIZED_AUTOS = YES_AGGRESSIVE;
				GCC_WARN_UNUSED_FUNCTION = YES;
				GCC_WARN_UNUSED_VARIABLE = YES;
				IPHONEOS_DEPLOYMENT_TARGET = 13.2;
				MTL_ENABLE_DEBUG_INFO = NO;
				MTL_FAST_MATH = YES;
				SDKROOT = iphoneos;
				SWIFT_COMPILATION_MODE = wholemodule;
				SWIFT_OPTIMIZATION_LEVEL = "-O";
				VALIDATE_PRODUCT = YES;
			};
			name = Release;
		};
		903F42CA252335510024631C /* Debug */ = {
			isa = XCBuildConfiguration;
			baseConfigurationReference = 76CFDABC5E586DC83B9CDB11 /* Pods-practiceEn.debug.xcconfig */;
			buildSettings = {
				ASSETCATALOG_COMPILER_APPICON_NAME = AppIcon;
				CLANG_ENABLE_MODULES = YES;
				CODE_SIGN_STYLE = Automatic;
				DEVELOPMENT_TEAM = JDM94NPHGK;
				INFOPLIST_FILE = practiceEn/Info.plist;
				IPHONEOS_DEPLOYMENT_TARGET = 13.0;
				LD_RUNPATH_SEARCH_PATHS = (
					"$(inherited)",
					"@executable_path/Frameworks",
				);
				PRODUCT_BUNDLE_IDENTIFIER = Lily.practiceEn;
				PRODUCT_NAME = "$(TARGET_NAME)";
				SWIFT_OBJC_BRIDGING_HEADER = "practiceEn/practiceEn-Bridging-Header.h";
				SWIFT_OPTIMIZATION_LEVEL = "-Onone";
				SWIFT_VERSION = 4.0;
				TARGETED_DEVICE_FAMILY = "1,2";
			};
			name = Debug;
		};
		903F42CB252335510024631C /* Release */ = {
			isa = XCBuildConfiguration;
			baseConfigurationReference = 96C9C340C4DFB78941D7AD0E /* Pods-practiceEn.release.xcconfig */;
			buildSettings = {
				ASSETCATALOG_COMPILER_APPICON_NAME = AppIcon;
				CLANG_ENABLE_MODULES = YES;
				CODE_SIGN_STYLE = Automatic;
				DEVELOPMENT_TEAM = JDM94NPHGK;
				INFOPLIST_FILE = practiceEn/Info.plist;
				IPHONEOS_DEPLOYMENT_TARGET = 13.0;
				LD_RUNPATH_SEARCH_PATHS = (
					"$(inherited)",
					"@executable_path/Frameworks",
				);
				PRODUCT_BUNDLE_IDENTIFIER = Lily.practiceEn;
				PRODUCT_NAME = "$(TARGET_NAME)";
				SWIFT_OBJC_BRIDGING_HEADER = "practiceEn/practiceEn-Bridging-Header.h";
				SWIFT_VERSION = 4.0;
				TARGETED_DEVICE_FAMILY = "1,2";
			};
			name = Release;
		};
/* End XCBuildConfiguration section */

/* Begin XCConfigurationList section */
		903F42B02523354D0024631C /* Build configuration list for PBXProject "practiceEn" */ = {
			isa = XCConfigurationList;
			buildConfigurations = (
				903F42C7252335510024631C /* Debug */,
				903F42C8252335510024631C /* Release */,
			);
			defaultConfigurationIsVisible = 0;
			defaultConfigurationName = Release;
		};
		903F42C9252335510024631C /* Build configuration list for PBXNativeTarget "practiceEn" */ = {
			isa = XCConfigurationList;
			buildConfigurations = (
				903F42CA252335510024631C /* Debug */,
				903F42CB252335510024631C /* Release */,
			);
			defaultConfigurationIsVisible = 0;
			defaultConfigurationName = Release;
		};
/* End XCConfigurationList section */
	};
	rootObject = 903F42AD2523354D0024631C /* Project object */;
}
